
Microsoft Visual Studio Solution File, Format Version 12.00
# Visual Studio 15
VisualStudioVersion = 15.0.28307.271
MinimumVisualStudioVersion = 10.0.40219.1
Project("{FAE04EC0-301F-11D3-BF4B-00C04F79EFBC}") = "SyncTCPChatClient", "SyncTCPChatClient\SyncTCPChatClient.csproj", "{A73ADB87-30FB-4321-9A35-E08DC8252915}"
EndProject
Global
	GlobalSection(SolutionConfigurationPlatforms) = preSolution
		Debug|Any CPU = Debug|Any CPU
		Release|Any CPU = Release|Any CPU
	EndGlobalSection
	GlobalSection(ProjectConfigurationPlatforms) = postSolution
		{A73ADB87-30FB-4321-9A35-E08DC8252915}.Debug|Any CPU.ActiveCfg = Debug|Any CPU
		{A73ADB87-30FB-4321-9A35-E08DC8252915}.Debug|Any CPU.Build.0 = Debug|Any CPU
		{A73ADB87-30FB-4321-9A35-E08DC8252915}.Release|Any CPU.ActiveCfg = Release|Any CPU
		{A73ADB87-30FB-4321-9A35-E08DC8252915}.Release|Any CPU.Build.0 = Release|Any CPU
	EndGlobalSection
	GlobalSection(SolutionProperties) = preSolution
		HideSolutionNode = FALSE
	EndGlobalSection
	GlobalSection(ExtensibilityGlobals) = postSolution
		SolutionGuid = {569C7060-6A03-40C2-877B-C67AA4733ADF}
	EndGlobalSection
EndGlobal
